
Microsoft Visual Studio Solution File, Format Version 12.00
# Visual Studio Version 17
VisualStudioVersion = 17.9.34607.119
MinimumVisualStudioVersion = 10.0.40219.1
Project("{FAE04EC0-301F-11D3-BF4B-00C04F79EFBC}") = "GUI", "GUI\GUI.csproj", "{BD6AC6DE-55A4-415B-A539-86EB17042BAA}"
EndProject
Project("{FAE04EC0-301F-11D3-BF4B-00C04F79EFBC}") = "ENTITY", "ENTITY\ENTITY.csproj", "{D8FB8008-3F33-4A64-B72C-D61AFE0C9F1C}"
EndProject
Project("{FAE04EC0-301F-11D3-BF4B-00C04F79EFBC}") = "DAL", "DAL\DAL.csproj", "{F4788545-7BAF-452F-8A88-11935CAAA001}"
EndProject
Project("{FAE04EC0-301F-11D3-BF4B-00C04F79EFBC}") = "BLL", "BLL\BLL.csproj", "{22A55CDF-C38B-4AD7-8F11-B83720F1CCAB}"
EndProject
Project("{FAE04EC0-301F-11D3-BF4B-00C04F79EFBC}") = "PRUEBA", "PRUEBA\PRUEBA.csproj", "{3B2EE7E0-F8A7-4460-9EB0-7640747B35AB}"
EndProject
Global
	GlobalSection(SolutionConfigurationPlatforms) = preSolution
		Debug|Any CPU = Debug|Any CPU
		Release|Any CPU = Release|Any CPU
	EndGlobalSection
	GlobalSection(ProjectConfigurationPlatforms) = postSolution
		{BD6AC6DE-55A4-415B-A539-86EB17042BAA}.Debug|Any CPU.ActiveCfg = Debug|Any CPU
		{BD6AC6DE-55A4-415B-A539-86EB17042BAA}.Debug|Any CPU.Build.0 = Debug|Any CPU
		{BD6AC6DE-55A4-415B-A539-86EB17042BAA}.Release|Any CPU.ActiveCfg = Release|Any CPU
		{BD6AC6DE-55A4-415B-A539-86EB17042BAA}.Release|Any CPU.Build.0 = Release|Any CPU
		{D8FB8008-3F33-4A64-B72C-D61AFE0C9F1C}.Debug|Any CPU.ActiveCfg = Debug|Any CPU
		{D8FB8008-3F33-4A64-B72C-D61AFE0C9F1C}.Debug|Any CPU.Build.0 = Debug|Any CPU
		{D8FB8008-3F33-4A64-B72C-D61AFE0C9F1C}.Release|Any CPU.ActiveCfg = Release|Any CPU
		{D8FB8008-3F33-4A64-B72C-D61AFE0C9F1C}.Release|Any CPU.Build.0 = Release|Any CPU
		{F4788545-7BAF-452F-8A88-11935CAAA001}.Debug|Any CPU.ActiveCfg = Debug|Any CPU
		{F4788545-7BAF-452F-8A88-11935CAAA001}.Debug|Any CPU.Build.0 = Debug|Any CPU
		{F4788545-7BAF-452F-8A88-11935CAAA001}.Release|Any CPU.ActiveCfg = Release|Any CPU
		{F4788545-7BAF-452F-8A88-11935CAAA001}.Release|Any CPU.Build.0 = Release|Any CPU
		{22A55CDF-C38B-4AD7-8F11-B83720F1CCAB}.Debug|Any CPU.ActiveCfg = Debug|Any CPU
		{22A55CDF-C38B-4AD7-8F11-B83720F1CCAB}.Debug|Any CPU.Build.0 = Debug|Any CPU
		{22A55CDF-C38B-4AD7-8F11-B83720F1CCAB}.Release|Any CPU.ActiveCfg = Release|Any CPU
		{22A55CDF-C38B-4AD7-8F11-B83720F1CCAB}.Release|Any CPU.Build.0 = Release|Any CPU
		{3B2EE7E0-F8A7-4460-9EB0-7640747B35AB}.Debug|Any CPU.ActiveCfg = Debug|Any CPU
		{3B2EE7E0-F8A7-4460-9EB0-7640747B35AB}.Debug|Any CPU.Build.0 = Debug|Any CPU
		{3B2EE7E0-F8A7-4460-9EB0-7640747B35AB}.Release|Any CPU.ActiveCfg = Release|Any CPU
		{3B2EE7E0-F8A7-4460-9EB0-7640747B35AB}.Release|Any CPU.Build.0 = Release|Any CPU
	EndGlobalSection
	GlobalSection(SolutionProperties) = preSolution
		HideSolutionNode = FALSE
	EndGlobalSection
	GlobalSection(ExtensibilityGlobals) = postSolution
		SolutionGuid = {946A3C0C-7557-4A56-9688-2441E2A69C60}
	EndGlobalSection
EndGlobal
